
Microsoft Visual Studio Solution File, Format Version 12.00
# Visual Studio Version 17
VisualStudioVersion = 17.14.36310.24 d17.14
MinimumVisualStudioVersion = 10.0.40219.1
Project("{FAE04EC0-301F-11D3-BF4B-00C04F79EFBC}") = "DrawingAppWPF", "DrawingAppWPF.csproj", "{F959097E-D0EE-45D0-B15D-A3E0357F47BB}"
EndProject
Global
	GlobalSection(SolutionConfigurationPlatforms) = preSolution
		Debug|Any CPU = Debug|Any CPU
		Release|Any CPU = Release|Any CPU
	EndGlobalSection
	GlobalSection(ProjectConfigurationPlatforms) = postSolution
		{F959097E-D0EE-45D0-B15D-A3E0357F47BB}.Debug|Any CPU.ActiveCfg = Debug|Any CPU
		{F959097E-D0EE-45D0-B15D-A3E0357F47BB}.Debug|Any CPU.Build.0 = Debug|Any CPU
		{F959097E-D0EE-45D0-B15D-A3E0357F47BB}.Release|Any CPU.ActiveCfg = Release|Any CPU
		{F959097E-D0EE-45D0-B15D-A3E0357F47BB}.Release|Any CPU.Build.0 = Release|Any CPU
	EndGlobalSection
	GlobalSection(SolutionProperties) = preSolution
		HideSolutionNode = FALSE
	EndGlobalSection
	GlobalSection(ExtensibilityGlobals) = postSolution
		SolutionGuid = {40938650-871C-41E9-8316-52811EB9629E}
	EndGlobalSection
EndGlobal
